{
  "lockfileVersion": 1,
  "configVersion": 1,
  "workspaces": {
    "": {
      "name": "@goooyi/opencode-observability-plugin",
      "dependencies": {
        "@langfuse/core": "^5.4.1",
        "@langfuse/otel": "^5.4.1",
        "@langfuse/tracing": "^5.4.1",
        "@opencode-ai/plugin": "1.17.9",
        "@opencode-ai/sdk": "1.17.9",
        "@opentelemetry/api": "^1.9.0",
        "@opentelemetry/sdk-trace-base": "^2.0.1",
        "effect": "^3.21.2",
      },
      "devDependencies": {
        "@types/node": "^24.10.1",
        "prettier": "^3.8.3",
        "typescript": "^6.0.3",
      },
    },
  },
  "packages": {
    "@langfuse/core": ["@langfuse/core@5.4.1", "", { "peerDependencies": { "@opentelemetry/api": "1.9.1" } }, "sha512-TjaRTr9fGqaWuyYKFSezKxN4DWAaK/lq//hRMw8rQKFkZUs6vTgUODxqZTFTR6np5VnLVw+eZLlnHROPKbXqdg=="],

    "@langfuse/otel": ["@langfuse/otel@5.6.0", "", { "dependencies": { "@langfuse/core": "^5.6.0" }, "peerDependencies": { "@opentelemetry/api": "^1.9.0", "@opentelemetry/core": "^2.0.1", "@opentelemetry/exporter-trace-otlp-http": ">=0.202.0 <1.0.0", "@opentelemetry/sdk-trace-base": "^2.0.1" } }, "sha512-tK6+OWrI78R0L0TEVbTHyBqrTaAF2/Z+2Wpsf7pAD8J5zvfFJkbExe709mosIykU3TmeS1HJpo3dZS3SEm8jdA=="],

    "@langfuse/tracing": ["@langfuse/tracing@5.6.0", "", { "dependencies": { "@langfuse/core": "^5.6.0" }, "peerDependencies": { "@opentelemetry/api": "^1.9.0" } }, "sha512-eC+/tACOyZf6UMCMgs/936HyW7+C7z7HvRufVsURhFSRzaJGeyRB6hK8OXxxp0mhKHURfVB9C+D2UAeuoRkHYg=="],

    "@msgpackr-extract/msgpackr-extract-darwin-arm64": ["@msgpackr-extract/msgpackr-extract-darwin-arm64@3.0.4", "", { "os": "darwin", "cpu": "arm64" }, "sha512-LCkGo6JDfaBhgST7UpPWgNgLINpcpabaHfyz5OBx75nUYxBsaEPxjnyNjWpeb/xBup/682QnBfRBy2/LvPutZQ=="],

    "@msgpackr-extract/msgpackr-extract-darwin-x64": ["@msgpackr-extract/msgpackr-extract-darwin-x64@3.0.4", "", { "os": "darwin", "cpu": "x64" }, "sha512-zExlW9zUJKZH/tOtVMttwjKa4Xm/3KcNjnE3dPN92uCktwavMxpgCA3MoJK/DOnTWsQgo224OaST27/mPNAf+w=="],

    "@msgpackr-extract/msgpackr-extract-linux-arm": ["@msgpackr-extract/msgpackr-extract-linux-arm@3.0.4", "", { "os": "linux", "cpu": "arm" }, "sha512-Tg3yX65f5GbtXLkrYEHE5oibZG9epyYWas7FogTTEJeDEF9JlXJzKgXaNhT3UXlTOeA+AfZpYZYZ0uPj7Cfquw=="],

    "@msgpackr-extract/msgpackr-extract-linux-arm64": ["@msgpackr-extract/msgpackr-extract-linux-arm64@3.0.4", "", { "os": "linux", "cpu": "arm64" }, "sha512-dgX0P/9wGPJeHFBG+ZmhgE6bmtMt7NP5CRBGyyktpopdk/mW4POnrpQsSLtKI1dwpc+pPLuXHDh6vvskyQE/sw=="],

    "@msgpackr-extract/msgpackr-extract-linux-x64": ["@msgpackr-extract/msgpackr-extract-linux-x64@3.0.4", "", { "os": "linux", "cpu": "x64" }, "sha512-8TNXMEjJc3QEy7R/x1INhgiU+XakDAFUzBhaz7+Rbrs8NH5UQeHQxxmzsSBJGyV6I1jW79undiQm8tOI+D+8FQ=="],

    "@msgpackr-extract/msgpackr-extract-win32-x64": ["@msgpackr-extract/msgpackr-extract-win32-x64@3.0.4", "", { "os": "win32", "cpu": "x64" }, "sha512-CmCXPQrkbwExx3j946/PtHWHbYJiCRBRDl4BlkRQcJB/YOwQxJRTpoo7aTsortjgoJ1x7opzTSxn7C+ASSLVjQ=="],

    "@opencode-ai/plugin": ["@opencode-ai/plugin@1.17.9", "", { "dependencies": { "@opencode-ai/sdk": "1.17.9", "effect": "4.0.0-beta.74", "zod": "4.1.8" } }, "sha512-RvYsX2k90ew0P3c0R/Jrt6UOdA5CYf4GmYuREDKHx31GSJ25WKg9hrTzkcwCfvPPCpaBc53Qq6Fon9aWr+58ag=="],

    "@opencode-ai/sdk": ["@opencode-ai/sdk@1.17.9", "", { "dependencies": { "cross-spawn": "7.0.6" } }, "sha512-MHmXEpGPHkg14v1p+cUlIOUxd6DQdSElfau9nqY7tcDI0x5r4Y8D0dKXcyAh0Gc73ptaGW67Vg84nkcV6O27Pw=="],

    "@opentelemetry/api": ["@opentelemetry/api@1.9.1", "", {}, "sha512-gLyJlPHPZYdAk1JENA9LeHejZe1Ti77/pTeFm/nMXmQH/HFZlcS/O2XJB+L8fkbrNSqhdtlvjBVjxwUYanNH5Q=="],

    "@opentelemetry/api-logs": ["@opentelemetry/api-logs@0.219.0", "", { "dependencies": { "@opentelemetry/api": "^1.3.0" } }, "sha512-FFx7YnaYJlIjqWW/AG/yAZ0L/NEY724PipXXXQLdtZPbLwBGbUMTGL1i/esI56TWfTUXxhLfpgrnWJCG8aUJyg=="],

    "@opentelemetry/core": ["@opentelemetry/core@2.8.0", "", { "dependencies": { "@opentelemetry/semantic-conventions": "^1.29.0" }, "peerDependencies": { "@opentelemetry/api": ">=1.0.0 <1.10.0" } }, "sha512-hd1Lfh8p545nNz+jq1Ejfz+Mn1hyLuxYn1YzTfFNrxr8urEWMNQLPf1Th8kjOH+HxwawCrtgBp8JpBUR4ZSgww=="],

    "@opentelemetry/exporter-trace-otlp-http": ["@opentelemetry/exporter-trace-otlp-http@0.219.0", "", { "dependencies": { "@opentelemetry/core": "2.8.0", "@opentelemetry/otlp-exporter-base": "0.219.0", "@opentelemetry/otlp-transformer": "0.219.0", "@opentelemetry/resources": "2.8.0", "@opentelemetry/sdk-trace-base": "2.8.0" }, "peerDependencies": { "@opentelemetry/api": "^1.3.0" } }, "sha512-9t6SvBXXBEjOBcIzgozvBbd3jWrv3Gt3ngGhl1fhdZ/zRc7oZDVOFEqbi2zlBpW9BXhgDMKv422J0DL/3iQWfw=="],

    "@opentelemetry/otlp-exporter-base": ["@opentelemetry/otlp-exporter-base@0.219.0", "", { "dependencies": { "@opentelemetry/core": "2.8.0", "@opentelemetry/otlp-transformer": "0.219.0" }, "peerDependencies": { "@opentelemetry/api": "^1.3.0" } }, "sha512-zvIxQX/AZUVKDU+hCuYx+7UkiP7GRdnk1ZbFQRYzHvYp47cAWR4j3IhoPhV9KaeXEv2xdGq3IA6PnpzDmLcmSA=="],

    "@opentelemetry/otlp-transformer": ["@opentelemetry/otlp-transformer@0.219.0", "", { "dependencies": { "@opentelemetry/api-logs": "0.219.0", "@opentelemetry/core": "2.8.0", "@opentelemetry/resources": "2.8.0", "@opentelemetry/sdk-logs": "0.219.0", "@opentelemetry/sdk-metrics": "2.8.0", "@opentelemetry/sdk-trace-base": "2.8.0" }, "peerDependencies": { "@opentelemetry/api": "^1.3.0" } }, "sha512-aaYKAyXhw9VchKZVGOopD3Gw/kPsyrX2c6IQ0AW32mTjqmZOh5Y6Gf5OYqTNqVktAeBjmFinhyFaCwW6GYK9YQ=="],

    "@opentelemetry/resources": ["@opentelemetry/resources@2.8.0", "", { "dependencies": { "@opentelemetry/core": "2.8.0", "@opentelemetry/semantic-conventions": "^1.29.0" }, "peerDependencies": { "@opentelemetry/api": ">=1.3.0 <1.10.0" } }, "sha512-qmXQ27ilDbUK/vGMqwL8D4/rhn76C+sherM4wTbjlfknR8Nvfc/hCxjRJPhkzZzUsPiNg16SA31NxMabwttRjg=="],

    "@opentelemetry/sdk-logs": ["@opentelemetry/sdk-logs@0.219.0", "", { "dependencies": { "@opentelemetry/api-logs": "0.219.0", "@opentelemetry/core": "2.8.0", "@opentelemetry/resources": "2.8.0", "@opentelemetry/semantic-conventions": "^1.29.0" }, "peerDependencies": { "@opentelemetry/api": ">=1.4.0 <1.10.0" } }, "sha512-s6lTKRakaPClvKoWHRChxnXjDMkM/TQ30ff78jN6EBGf7MI7VzANE5PU3f4z9qDUudWjvZjOLHG0rBnBKYvoXA=="],

    "@opentelemetry/sdk-metrics": ["@opentelemetry/sdk-metrics@2.8.0", "", { "dependencies": { "@opentelemetry/core": "2.8.0", "@opentelemetry/resources": "2.8.0" }, "peerDependencies": { "@opentelemetry/api": ">=1.9.0 <1.10.0" } }, "sha512-UDBGaj6W0Rgy5rTTaoxs8gVGF/aGkAKyjurJv7se6wjRxJu7FoquTLT/vt54DZfo4crbprYfhX/SOK9+BPw1qg=="],

    "@opentelemetry/sdk-trace-base": ["@opentelemetry/sdk-trace-base@2.8.0", "", { "dependencies": { "@opentelemetry/core": "2.8.0", "@opentelemetry/resources": "2.8.0", "@opentelemetry/semantic-conventions": "^1.29.0" }, "peerDependencies": { "@opentelemetry/api": ">=1.3.0 <1.10.0" } }, "sha512-mhU4jp+vW0mGbFRd+GeXHvmfA4aDqWjBjLC3pE5XMpLs0IE2ryYb019Ts2AQrOq67gaTF25D91+fgvEHDZEnuQ=="],

    "@opentelemetry/semantic-conventions": ["@opentelemetry/semantic-conventions@1.41.1", "", {}, "sha512-/UhIkaZgPutTFmQ7RnIJGgDXZmtEJ7Dvi86xNTFWcnRxVRNk/aotsqDJYeEvDP+FSMB2SdW+pQzNMcWP0rwuNA=="],

    "@standard-schema/spec": ["@standard-schema/spec@1.1.0", "", {}, "sha512-l2aFy5jALhniG5HgqrD6jXLi/rUWrKvqN/qJx6yoJsgKhblVd+iqqU4RCXavm/jPityDo5TCvKMnpjKnOriy0w=="],

    "@types/node": ["@types/node@24.13.2", "", { "dependencies": { "undici-types": "~7.18.0" } }, "sha512-fRa09kZTgu8o71KFcDjUFuc7F+dEbZYZmkI0mg5YBTRs0yMKjYHsq/c0urDKeDb+D5qVgXOdFcuu+DZPKOITwA=="],

    "cross-spawn": ["cross-spawn@7.0.6", "", { "dependencies": { "path-key": "3.1.1", "shebang-command": "2.0.0", "which": "2.0.2" } }, "sha512-uV2QOWP2nWzsy2aMp8aRibhi9dlzF5Hgh5SHaB9OiTGEyDTiJJyx0uy51QXdyWbtAHNua4XJzUKca3OzKUd3vA=="],

    "detect-libc": ["detect-libc@2.1.2", "", {}, "sha512-Btj2BOOO83o3WyH59e8MgXsxEQVcarkUOpEYrubB0urwnN10yQ364rsiByU11nZlqWYZm05i/of7io4mzihBtQ=="],

    "effect": ["effect@3.21.2", "", { "dependencies": { "@standard-schema/spec": "1.1.0", "fast-check": "3.23.2" } }, "sha512-rXd2FGDM8KdjSIrc+mqEELo7ScW7xTVxEf1iInmPSpIde9/nyGuFM710cjTo7/EreGXiUX2MOonPpprbz2XHCg=="],

    "fast-check": ["fast-check@3.23.2", "", { "dependencies": { "pure-rand": "6.1.0" } }, "sha512-h5+1OzzfCC3Ef7VbtKdcv7zsstUQwUDlYpUTvjeUsJAssPgLn7QzbboPtL5ro04Mq0rPOsMzl7q5hIbRs2wD1A=="],

    "find-my-way-ts": ["find-my-way-ts@0.1.6", "", {}, "sha512-a85L9ZoXtNAey3Y6Z+eBWW658kO/MwR7zIafkIUPUMf3isZG0NCs2pjW2wtjxAKuJPxMAsHUIP4ZPGv0o5gyTA=="],

    "ini": ["ini@7.0.0", "", {}, "sha512-ifK0CgjALofS5bkrcTy4RaQ9Vx2Knf/eLeIO+NaswQEpH1UblrtTSCIvN71qQDMq0PeQ/SSPojvEJp9vvvfr+w=="],

    "isexe": ["isexe@2.0.0", "", {}, "sha512-RHxMLp9lnKHGHRng9QFhRCMbYAcVpn69smSGcq3f36xjgVVWThj4qqLbTLlq7Ssj8B+fIQ1EuCEGI2lKsyQeIw=="],

    "kubernetes-types": ["kubernetes-types@1.30.0", "", {}, "sha512-Dew1okvhM/SQcIa2rcgujNndZwU8VnSapDgdxlYoB84ZlpAD43U6KLAFqYo17ykSFGHNPrg0qry0bP+GJd9v7Q=="],

    "msgpackr": ["msgpackr@2.0.4", "", { "optionalDependencies": { "msgpackr-extract": "3.0.4" } }, "sha512-o1C5KRmuRt+apqMr1HuGSqWStZoRBUpEsCsl15uM9VdAF1qHLtvMOU2En747EnTyEl6c4pzPewRMFF31s1CNbA=="],

    "msgpackr-extract": ["msgpackr-extract@3.0.4", "", { "dependencies": { "node-gyp-build-optional-packages": "5.2.2" }, "optionalDependencies": { "@msgpackr-extract/msgpackr-extract-darwin-arm64": "3.0.4", "@msgpackr-extract/msgpackr-extract-darwin-x64": "3.0.4", "@msgpackr-extract/msgpackr-extract-linux-arm": "3.0.4", "@msgpackr-extract/msgpackr-extract-linux-arm64": "3.0.4", "@msgpackr-extract/msgpackr-extract-linux-x64": "3.0.4", "@msgpackr-extract/msgpackr-extract-win32-x64": "3.0.4" }, "bin": { "download-msgpackr-prebuilds": "bin/download-prebuilds.js" } }, "sha512-4kmO/MdyUIkLIvTPr8VHLil4AtoKIoniWPIEk5+CDy0xnWC84azhSFmuJ7PxZdsYtiP5kEeQsORAVIeMgxT+Hw=="],

    "multipasta": ["multipasta@0.2.7", "", {}, "sha512-KPA58d68KgGil15oDqXjkUBEBYc00XvbPj5/X+dyzeo/lWm9Nc25pQRlf1D+gv4OpK7NM0J1odrbu9JNNGvynA=="],

    "node-gyp-build-optional-packages": ["node-gyp-build-optional-packages@5.2.2", "", { "dependencies": { "detect-libc": "2.1.2" }, "bin": { "node-gyp-build-optional-packages": "bin.js", "node-gyp-build-optional-packages-optional": "optional.js", "node-gyp-build-optional-packages-test": "build-test.js" } }, "sha512-s+w+rBWnpTMwSFbaE0UXsRlg7hU4FjekKU4eyAih5T8nJuNZT1nNsskXpxmeqSK9UzkBl6UgRlnKc8hz8IEqOw=="],

    "path-key": ["path-key@3.1.1", "", {}, "sha512-ojmeN0qd+y0jszEtoY48r0Peq5dwMEkIlCOu6Q5f41lfkswXuKtYrhgoTpLnyIcHm24Uhqx+5Tqm2InSwLhE6Q=="],

    "prettier": ["prettier@3.8.3", "", { "bin": { "prettier": "bin/prettier.cjs" } }, "sha512-7igPTM53cGHMW8xWuVTydi2KO233VFiTNyF5hLJqpilHfmn8C8gPf+PS7dUT64YcXFbiMGZxS9pCSxL/Dxm/Jw=="],

    "pure-rand": ["pure-rand@6.1.0", "", {}, "sha512-bVWawvoZoBYpp6yIoQtQXHZjmz35RSVHnUOTefl8Vcjr8snTPY1wnpSPMWekcFwbxI6gtmT7rSYPFvz71ldiOA=="],

    "shebang-command": ["shebang-command@2.0.0", "", { "dependencies": { "shebang-regex": "3.0.0" } }, "sha512-kHxr2zZpYtdmrN1qDjrrX/Z1rR1kG8Dx+gkpK1G4eXmvXswmcE1hTWBWYUzlraYw1/yZp6YuDY77YtvbN0dmDA=="],

    "shebang-regex": ["shebang-regex@3.0.0", "", {}, "sha512-7++dFhtcx3353uBaq8DDR4NuxBetBzC7ZQOhmTQInHEd6bSrXdiEyzCvG07Z44UYdLShWUyXt5M/yhz8ekcb1A=="],

    "toml": ["toml@4.1.1", "", {}, "sha512-EBJnVBr3dTXdA89WVFoAIPUqkBjxPMwRqsfuo1r240tKFHXv3zgca4+NJib/h6TyvGF7vOawz0jGuryJCdNHrw=="],

    "typescript": ["typescript@6.0.3", "", { "bin": { "tsc": "bin/tsc", "tsserver": "bin/tsserver" } }, "sha512-y2TvuxSZPDyQakkFRPZHKFm+KKVqIisdg9/CZwm9ftvKXLP8NRWj38/ODjNbr43SsoXqNuAisEf1GdCxqWcdBw=="],

    "undici-types": ["undici-types@7.18.2", "", {}, "sha512-AsuCzffGHJybSaRrmr5eHr81mwJU3kjw6M+uprWvCXiNeN9SOGwQ3Jn8jb8m3Z6izVgknn1R0FTCEAP2QrLY/w=="],

    "uuid": ["uuid@14.0.1", "", { "bin": { "uuid": "dist-node/bin/uuid" } }, "sha512-6ZxzVpzDXDa3bJWaHilVayA+BH/1zmxCJoVgvmqJnid/gPoKHxUrS/aC/T6LGQtNHT+XHG9fXPJB4d+IrU30Ew=="],

    "which": ["which@2.0.2", "", { "dependencies": { "isexe": "2.0.0" }, "bin": { "node-which": "./bin/node-which" } }, "sha512-BLI3Tl1TW3Pvl70l3yq3Y64i+awpwXqsGBYWkkqMtnbXgrMD+yj7rhW0kuEDxzJaYXGjEW5ogapKNMEKNMjibA=="],

    "yaml": ["yaml@2.9.0", "", { "bin": { "yaml": "bin.mjs" } }, "sha512-2AvhNX3mb8zd6Zy7INTtSpl1F15HW6Wnqj0srWlkKLcpYl/gMIMJiyuGq2KeI2YFxUPjdlB+3Lc10seMLtL4cA=="],

    "zod": ["zod@4.1.8", "", {}, "sha512-5R1P+WwQqmmMIEACyzSvo4JXHY5WiAFHRMg+zBZKgKS+Q1viRa0C1hmUKtHltoIFKtIdki3pRxkmpP74jnNYHQ=="],

    "@langfuse/otel/@langfuse/core": ["@langfuse/core@5.6.0", "", { "peerDependencies": { "@opentelemetry/api": "^1.9.0" } }, "sha512-R190bzXEqTaYJUPZWdvXr6ZIsx4JQlC9awD4Zlb056WQRXhLK42NxLk6UV9CltYIY0gRusWyVZb6q4MyIZyu2A=="],

    "@langfuse/tracing/@langfuse/core": ["@langfuse/core@5.6.0", "", { "peerDependencies": { "@opentelemetry/api": "^1.9.0" } }, "sha512-R190bzXEqTaYJUPZWdvXr6ZIsx4JQlC9awD4Zlb056WQRXhLK42NxLk6UV9CltYIY0gRusWyVZb6q4MyIZyu2A=="],

    "@opencode-ai/plugin/effect": ["effect@4.0.0-beta.74", "", { "dependencies": { "@standard-schema/spec": "1.1.0", "fast-check": "4.8.0", "find-my-way-ts": "0.1.6", "ini": "7.0.0", "kubernetes-types": "1.30.0", "msgpackr": "2.0.4", "multipasta": "0.2.7", "toml": "4.1.1", "uuid": "14.0.1", "yaml": "2.9.0" } }, "sha512-Yx+Kh12U+i2FmjwEfKs+ePFmpMd43RPD1oGqc/VraSS9bYzvF0Ff3PojwEFEVEewp8xc92Uxu28gTspU4qyvHA=="],

    "@opencode-ai/plugin/effect/fast-check": ["fast-check@4.8.0", "", { "dependencies": { "pure-rand": "8.4.0" } }, "sha512-GOJ158CUMnN6cSahsv4+ExARvIDuzzinFjkp0E9WtiBa5zcVeLozVkWaE4IzFcc+Y48Wp1EDlUZsXRyAztQcSg=="],

    "@opencode-ai/plugin/effect/fast-check/pure-rand": ["pure-rand@8.4.0", "", {}, "sha512-IoM8YF/jY0hiugFo/wOWqfmarlE6J0wc6fDK1PhftMk7MGhVZl88sZimmqBBFomLOCSmcCCpsfj7wXASCpvK9A=="],
  }
}
